{
  "nodes": {
    "copilot": {
      "flake": false,
      "locked": {
        "lastModified": 1667968220,
        "narHash": "sha256-8O+7tzQQR5+QHLgXpL+KOISaVn6iOpdfQAQfHtyI4uw=",
        "owner": "github",
        "repo": "copilot.vim",
        "rev": "5a411d19ce7334ab10ba12516743fc25dad363fa",
        "type": "github"
      },
      "original": {
        "owner": "github",
        "repo": "copilot.vim",
        "type": "github"
      }
    },
    "flake-utils": {
      "locked": {
        "lastModified": 1667395993,
        "narHash": "sha256-nuEHfE/LcWyuSWnS8t12N1wc105Qtau+/OdUAjtQ0rA=",
        "owner": "numtide",
        "repo": "flake-utils",
        "rev": "5aed5285a952e0b949eb3ba02c12fa4fcfef535f",
        "type": "github"
      },
      "original": {
        "owner": "numtide",
        "repo": "flake-utils",
        "type": "github"
      }
    },
    "nixpkgs": {
      "locked": {
        "lastModified": 1668086072,
        "narHash": "sha256-msFoXI5ThCmhTTqgl27hpCXWhaeqxphBaleJAgD8JYM=",
        "owner": "NixOS",
        "repo": "nixpkgs",
        "rev": "72d8853228c9758820c39b8659415b6d89279493",
        "type": "github"
      },
      "original": {
        "id": "nixpkgs",
        "type": "indirect"
      }
    },
    "root": {
      "inputs": {
        "copilot": "copilot",
        "flake-utils": "flake-utils",
        "nixpkgs": "nixpkgs"
      }
    }
  },
  "root": "root",
  "version": 7
}
